
Microsoft Visual Studio Solution File, Format Version 12.00
# Visual Studio Version 16
VisualStudioVersion = 16.0.30503.244
MinimumVisualStudioVersion = 10.0.40219.1
Project("{FAE04EC0-301F-11D3-BF4B-00C04F79EFBC}") = "shopsolution", "shopsolution\shopsolution.csproj", "{9122B27C-8316-4F1E-82FB-A4D43CE4B3C3}"
EndProject
Global
	GlobalSection(SolutionConfigurationPlatforms) = preSolution
		Debug|Any CPU = Debug|Any CPU
		Release|Any CPU = Release|Any CPU
	EndGlobalSection
	GlobalSection(ProjectConfigurationPlatforms) = postSolution
		{9122B27C-8316-4F1E-82FB-A4D43CE4B3C3}.Debug|Any CPU.ActiveCfg = Debug|Any CPU
		{9122B27C-8316-4F1E-82FB-A4D43CE4B3C3}.Debug|Any CPU.Build.0 = Debug|Any CPU
		{9122B27C-8316-4F1E-82FB-A4D43CE4B3C3}.Release|Any CPU.ActiveCfg = Release|Any CPU
		{9122B27C-8316-4F1E-82FB-A4D43CE4B3C3}.Release|Any CPU.Build.0 = Release|Any CPU
	EndGlobalSection
	GlobalSection(SolutionProperties) = preSolution
		HideSolutionNode = FALSE
	EndGlobalSection
	GlobalSection(ExtensibilityGlobals) = postSolution
		SolutionGuid = {C9A6F4AB-A79C-4814-BB30-F2B2F9F4B766}
	EndGlobalSection
EndGlobal
